
Microsoft Visual Studio Solution File, Format Version 12.00
# Visual Studio Version 16
VisualStudioVersion = 16.0.34114.132
MinimumVisualStudioVersion = 10.0.40219.1
Project("{F184B08F-C81C-45F6-A57F-5ABD9991F28F}") = "democlase1", "democlase1\democlase1.vbproj", "{65D69915-D625-4188-8FF3-4C17E866876F}"
EndProject
Global
	GlobalSection(SolutionConfigurationPlatforms) = preSolution
		Debug|Any CPU = Debug|Any CPU
		Release|Any CPU = Release|Any CPU
	EndGlobalSection
	GlobalSection(ProjectConfigurationPlatforms) = postSolution
		{65D69915-D625-4188-8FF3-4C17E866876F}.Debug|Any CPU.ActiveCfg = Debug|Any CPU
		{65D69915-D625-4188-8FF3-4C17E866876F}.Debug|Any CPU.Build.0 = Debug|Any CPU
		{65D69915-D625-4188-8FF3-4C17E866876F}.Release|Any CPU.ActiveCfg = Release|Any CPU
		{65D69915-D625-4188-8FF3-4C17E866876F}.Release|Any CPU.Build.0 = Release|Any CPU
	EndGlobalSection
	GlobalSection(SolutionProperties) = preSolution
		HideSolutionNode = FALSE
	EndGlobalSection
	GlobalSection(ExtensibilityGlobals) = postSolution
		SolutionGuid = {983DC24D-B899-4ED8-91AA-5BBAC2E6FBF6}
	EndGlobalSection
EndGlobal
